
Microsoft Visual Studio Solution File, Format Version 12.00
# Visual Studio Version 16
VisualStudioVersion = 16.0.29911.84
MinimumVisualStudioVersion = 10.0.40219.1
Project("{9A19103F-16F7-4668-BE54-9A1E7A4F7556}") = "AGooday.DncZero.API", "AGooday.DncZero.API\AGooday.DncZero.API.csproj", "{55AE7F1B-CCA9-4A82-A36D-342285DFF39B}"
EndProject
Project("{9A19103F-16F7-4668-BE54-9A1E7A4F7556}") = "AGooday.DncZero.Application", "AGooday.DncZero.Application\AGooday.DncZero.Application.csproj", "{4B39A406-4057-44AF-937F-D315DA7B97FA}"
EndProject
Project("{9A19103F-16F7-4668-BE54-9A1E7A4F7556}") = "AGooday.DncZero.Domain", "AGooday.DncZero.Domain\AGooday.DncZero.Domain.csproj", "{3A321953-1836-4942-8178-42DE2599846F}"
EndProject
Project("{9A19103F-16F7-4668-BE54-9A1E7A4F7556}") = "AGooday.DncZero.Infrastructure", "AGooday.DncZero.Infrastructure\AGooday.DncZero.Infrastructure.csproj", "{D593DF10-AA2B-45D8-8B0D-6E84B0C693B2}"
EndProject
Project("{2150E333-8FDC-42A3-9474-1A3956D46DE8}") = "1.Presentation Layer", "1.Presentation Layer", "{2397D6CA-A9AA-4BAD-924C-1F21A1D46770}"
EndProject
Project("{2150E333-8FDC-42A3-9474-1A3956D46DE8}") = "2.Application Layer(Service)", "2.Application Layer(Service)", "{483C1482-7841-4A4C-9AAB-0A4EF5D322F0}"
EndProject
Project("{2150E333-8FDC-42A3-9474-1A3956D46DE8}") = "3.Domain Layer(Domain)", "3.Domain Layer(Domain)", "{2CF7E981-6BE2-46FF-873D-98091DAF1E55}"
EndProject
Project("{2150E333-8FDC-42A3-9474-1A3956D46DE8}") = "4.Infrastructure Layer", "4.Infrastructure Layer", "{1AED8F1C-17C3-47D1-820A-A5A6161F6D8F}"
EndProject
Project("{9A19103F-16F7-4668-BE54-9A1E7A4F7556}") = "AGooday.DncZero.Domain.Core", "AGooday.DncZero.Domain.Core\AGooday.DncZero.Domain.Core.csproj", "{03DDFA85-B201-4078-A5F4-2BC39BEC9CFA}"
EndProject
Project("{9A19103F-16F7-4668-BE54-9A1E7A4F7556}") = "AGooday.DncZero.Web", "AGooday.DncZero.Web\AGooday.DncZero.Web.csproj", "{933A3A2F-EE91-4311-A9AC-FEEF24C46185}"
EndProject
Project("{9A19103F-16F7-4668-BE54-9A1E7A4F7556}") = "AGooday.DncZero.Infrastructure.Identity", "AGooday.DncZero.Infrastructure.Identity\AGooday.DncZero.Infrastructure.Identity.csproj", "{D94E72F3-5E04-4174-A682-CE9FBC321FBE}"
EndProject
Project("{2150E333-8FDC-42A3-9474-1A3956D46DE8}") = "5.Project.Common Layer", "5.Project.Common Layer", "{98F895B8-4C96-4628-8592-8CB9422DF135}"
EndProject
Project("{9A19103F-16F7-4668-BE54-9A1E7A4F7556}") = "AGooday.DncZero.Common", "AGooday.DncZero.Common\AGooday.DncZero.Common.csproj", "{862736BD-8B79-4340-8A9F-2E228A35C0CD}"
EndProject
Project("{2150E333-8FDC-42A3-9474-1A3956D46DE8}") = "0.Sample Code Layer", "0.Sample Code Layer", "{2AD52C05-2D39-4AE5-8EE0-89DAE82AAF00}"
EndProject
Project("{9A19103F-16F7-4668-BE54-9A1E7A4F7556}") = "AGooday.DncZero.IdentityRazor", "AGooday.DncZero.IdentityRazor\AGooday.DncZero.IdentityRazor.csproj", "{BEC1E874-60A7-4136-B345-E511701B9460}"
EndProject
Project("{2150E333-8FDC-42A3-9474-1A3956D46DE8}") = "Identity", "Identity", "{CE142505-4F44-47ED-AC9E-263B93BC7B8E}"
EndProject
Project("{2150E333-8FDC-42A3-9474-1A3956D46DE8}") = "Razor Pages", "Razor Pages", "{CCF1EC6B-E921-4C52-B3B4-C4D854C39433}"
EndProject
Project("{9A19103F-16F7-4668-BE54-9A1E7A4F7556}") = "AGooday.DncZero.RazorPagesMovie", "AGooday.DncZero.RazorPagesMovie\AGooday.DncZero.RazorPagesMovie.csproj", "{1F550773-62D0-451A-95C7-BDB16382983C}"
EndProject
Project("{2150E333-8FDC-42A3-9474-1A3956D46DE8}") = "Blazor Webassembly", "Blazor Webassembly", "{B95035A0-4794-43B5-8253-FA9A4FD4F4F8}"
EndProject
Project("{9A19103F-16F7-4668-BE54-9A1E7A4F7556}") = "AGooday.DncZero.BlazorWasmSignalR.Server", "AGooday.DncZero.BlazorWasmSignalR\Server\AGooday.DncZero.BlazorWasmSignalR.Server.csproj", "{745B55C3-1085-4B88-ADF1-D4E18625EF1E}"
EndProject
Project("{9A19103F-16F7-4668-BE54-9A1E7A4F7556}") = "AGooday.DncZero.BlazorWasmSignalR.Client", "AGooday.DncZero.BlazorWasmSignalR\Client\AGooday.DncZero.BlazorWasmSignalR.Client.csproj", "{BC024293-875D-43CF-ABA2-60FE5761AF28}"
EndProject
Project("{9A19103F-16F7-4668-BE54-9A1E7A4F7556}") = "AGooday.DncZero.BlazorWasmSignalR.Shared", "AGooday.DncZero.BlazorWasmSignalR\Shared\AGooday.DncZero.BlazorWasmSignalR.Shared.csproj", "{6D82B169-D967-4308-BE20-47A6BC884B91}"
EndProject
Project("{2150E333-8FDC-42A3-9474-1A3956D46DE8}") = "Quarzt", "Quarzt", "{389CEE38-BF4A-4026-A30E-C4133D8EF059}"
EndProject
Project("{FAE04EC0-301F-11D3-BF4B-00C04F79EFBC}") = "AGooday.DncZero.Quarzt", "AGooday.DncZero.Quarzt\AGooday.DncZero.Quarzt.csproj", "{7C66467A-DC7D-43B3-A151-5CC13552C04C}"
EndProject
Global
	GlobalSection(SolutionConfigurationPlatforms) = preSolution
		Debug|Any CPU = Debug|Any CPU
		Release|Any CPU = Release|Any CPU
	EndGlobalSection
	GlobalSection(ProjectConfigurationPlatforms) = postSolution
		{55AE7F1B-CCA9-4A82-A36D-342285DFF39B}.Debug|Any CPU.ActiveCfg = Debug|Any CPU
		{55AE7F1B-CCA9-4A82-A36D-342285DFF39B}.Debug|Any CPU.Build.0 = Debug|Any CPU
		{55AE7F1B-CCA9-4A82-A36D-342285DFF39B}.Release|Any CPU.ActiveCfg = Release|Any CPU
		{55AE7F1B-CCA9-4A82-A36D-342285DFF39B}.Release|Any CPU.Build.0 = Release|Any CPU
		{4B39A406-4057-44AF-937F-D315DA7B97FA}.Debug|Any CPU.ActiveCfg = Debug|Any CPU
		{4B39A406-4057-44AF-937F-D315DA7B97FA}.Debug|Any CPU.Build.0 = Debug|Any CPU
		{4B39A406-4057-44AF-937F-D315DA7B97FA}.Release|Any CPU.ActiveCfg = Release|Any CPU
		{4B39A406-4057-44AF-937F-D315DA7B97FA}.Release|Any CPU.Build.0 = Release|Any CPU
		{3A321953-1836-4942-8178-42DE2599846F}.Debug|Any CPU.ActiveCfg = Debug|Any CPU
		{3A321953-1836-4942-8178-42DE2599846F}.Debug|Any CPU.Build.0 = Debug|Any CPU
		{3A321953-1836-4942-8178-42DE2599846F}.Release|Any CPU.ActiveCfg = Release|Any CPU
		{3A321953-1836-4942-8178-42DE2599846F}.Release|Any CPU.Build.0 = Release|Any CPU
		{D593DF10-AA2B-45D8-8B0D-6E84B0C693B2}.Debug|Any CPU.ActiveCfg = Debug|Any CPU
		{D593DF10-AA2B-45D8-8B0D-6E84B0C693B2}.Debug|Any CPU.Build.0 = Debug|Any CPU
		{D593DF10-AA2B-45D8-8B0D-6E84B0C693B2}.Release|Any CPU.ActiveCfg = Release|Any CPU
		{D593DF10-AA2B-45D8-8B0D-6E84B0C693B2}.Release|Any CPU.Build.0 = Release|Any CPU
		{03DDFA85-B201-4078-A5F4-2BC39BEC9CFA}.Debug|Any CPU.ActiveCfg = Debug|Any CPU
		{03DDFA85-B201-4078-A5F4-2BC39BEC9CFA}.Debug|Any CPU.Build.0 = Debug|Any CPU
		{03DDFA85-B201-4078-A5F4-2BC39BEC9CFA}.Release|Any CPU.ActiveCfg = Release|Any CPU
		{03DDFA85-B201-4078-A5F4-2BC39BEC9CFA}.Release|Any CPU.Build.0 = Release|Any CPU
		{933A3A2F-EE91-4311-A9AC-FEEF24C46185}.Debug|Any CPU.ActiveCfg = Debug|Any CPU
		{933A3A2F-EE91-4311-A9AC-FEEF24C46185}.Debug|Any CPU.Build.0 = Debug|Any CPU
		{933A3A2F-EE91-4311-A9AC-FEEF24C46185}.Release|Any CPU.ActiveCfg = Release|Any CPU
		{933A3A2F-EE91-4311-A9AC-FEEF24C46185}.Release|Any CPU.Build.0 = Release|Any CPU
		{D94E72F3-5E04-4174-A682-CE9FBC321FBE}.Debug|Any CPU.ActiveCfg = Debug|Any CPU
		{D94E72F3-5E04-4174-A682-CE9FBC321FBE}.Debug|Any CPU.Build.0 = Debug|Any CPU
		{D94E72F3-5E04-4174-A682-CE9FBC321FBE}.Release|Any CPU.ActiveCfg = Release|Any CPU
		{D94E72F3-5E04-4174-A682-CE9FBC321FBE}.Release|Any CPU.Build.0 = Release|Any CPU
		{862736BD-8B79-4340-8A9F-2E228A35C0CD}.Debug|Any CPU.ActiveCfg = Debug|Any CPU
		{862736BD-8B79-4340-8A9F-2E228A35C0CD}.Debug|Any CPU.Build.0 = Debug|Any CPU
		{862736BD-8B79-4340-8A9F-2E228A35C0CD}.Release|Any CPU.ActiveCfg = Release|Any CPU
		{862736BD-8B79-4340-8A9F-2E228A35C0CD}.Release|Any CPU.Build.0 = Release|Any CPU
		{BEC1E874-60A7-4136-B345-E511701B9460}.Debug|Any CPU.ActiveCfg = Debug|Any CPU
		{BEC1E874-60A7-4136-B345-E511701B9460}.Debug|Any CPU.Build.0 = Debug|Any CPU
		{BEC1E874-60A7-4136-B345-E511701B9460}.Release|Any CPU.ActiveCfg = Release|Any CPU
		{BEC1E874-60A7-4136-B345-E511701B9460}.Release|Any CPU.Build.0 = Release|Any CPU
		{1F550773-62D0-451A-95C7-BDB16382983C}.Debug|Any CPU.ActiveCfg = Debug|Any CPU
		{1F550773-62D0-451A-95C7-BDB16382983C}.Debug|Any CPU.Build.0 = Debug|Any CPU
		{1F550773-62D0-451A-95C7-BDB16382983C}.Release|Any CPU.ActiveCfg = Release|Any CPU
		{1F550773-62D0-451A-95C7-BDB16382983C}.Release|Any CPU.Build.0 = Release|Any CPU
		{745B55C3-1085-4B88-ADF1-D4E18625EF1E}.Debug|Any CPU.ActiveCfg = Debug|Any CPU
		{745B55C3-1085-4B88-ADF1-D4E18625EF1E}.Debug|Any CPU.Build.0 = Debug|Any CPU
		{745B55C3-1085-4B88-ADF1-D4E18625EF1E}.Release|Any CPU.ActiveCfg = Release|Any CPU
		{745B55C3-1085-4B88-ADF1-D4E18625EF1E}.Release|Any CPU.Build.0 = Release|Any CPU
		{BC024293-875D-43CF-ABA2-60FE5761AF28}.Debug|Any CPU.ActiveCfg = Debug|Any CPU
		{BC024293-875D-43CF-ABA2-60FE5761AF28}.Debug|Any CPU.Build.0 = Debug|Any CPU
		{BC024293-875D-43CF-ABA2-60FE5761AF28}.Release|Any CPU.ActiveCfg = Release|Any CPU
		{BC024293-875D-43CF-ABA2-60FE5761AF28}.Release|Any CPU.Build.0 = Release|Any CPU
		{6D82B169-D967-4308-BE20-47A6BC884B91}.Debug|Any CPU.ActiveCfg = Debug|Any CPU
		{6D82B169-D967-4308-BE20-47A6BC884B91}.Debug|Any CPU.Build.0 = Debug|Any CPU
		{6D82B169-D967-4308-BE20-47A6BC884B91}.Release|Any CPU.ActiveCfg = Release|Any CPU
		{6D82B169-D967-4308-BE20-47A6BC884B91}.Release|Any CPU.Build.0 = Release|Any CPU
		{7C66467A-DC7D-43B3-A151-5CC13552C04C}.Debug|Any CPU.ActiveCfg = Debug|Any CPU
		{7C66467A-DC7D-43B3-A151-5CC13552C04C}.Debug|Any CPU.Build.0 = Debug|Any CPU
		{7C66467A-DC7D-43B3-A151-5CC13552C04C}.Release|Any CPU.ActiveCfg = Release|Any CPU
		{7C66467A-DC7D-43B3-A151-5CC13552C04C}.Release|Any CPU.Build.0 = Release|Any CPU
	EndGlobalSection
	GlobalSection(SolutionProperties) = preSolution
		HideSolutionNode = FALSE
	EndGlobalSection
	GlobalSection(NestedProjects) = preSolution
		{55AE7F1B-CCA9-4A82-A36D-342285DFF39B} = {2397D6CA-A9AA-4BAD-924C-1F21A1D46770}
		{4B39A406-4057-44AF-937F-D315DA7B97FA} = {483C1482-7841-4A4C-9AAB-0A4EF5D322F0}
		{3A321953-1836-4942-8178-42DE2599846F} = {2CF7E981-6BE2-46FF-873D-98091DAF1E55}
		{D593DF10-AA2B-45D8-8B0D-6E84B0C693B2} = {1AED8F1C-17C3-47D1-820A-A5A6161F6D8F}
		{03DDFA85-B201-4078-A5F4-2BC39BEC9CFA} = {2CF7E981-6BE2-46FF-873D-98091DAF1E55}
		{933A3A2F-EE91-4311-A9AC-FEEF24C46185} = {2397D6CA-A9AA-4BAD-924C-1F21A1D46770}
		{D94E72F3-5E04-4174-A682-CE9FBC321FBE} = {1AED8F1C-17C3-47D1-820A-A5A6161F6D8F}
		{862736BD-8B79-4340-8A9F-2E228A35C0CD} = {98F895B8-4C96-4628-8592-8CB9422DF135}
		{BEC1E874-60A7-4136-B345-E511701B9460} = {CE142505-4F44-47ED-AC9E-263B93BC7B8E}
		{CE142505-4F44-47ED-AC9E-263B93BC7B8E} = {2AD52C05-2D39-4AE5-8EE0-89DAE82AAF00}
		{CCF1EC6B-E921-4C52-B3B4-C4D854C39433} = {2AD52C05-2D39-4AE5-8EE0-89DAE82AAF00}
		{1F550773-62D0-451A-95C7-BDB16382983C} = {CCF1EC6B-E921-4C52-B3B4-C4D854C39433}
		{B95035A0-4794-43B5-8253-FA9A4FD4F4F8} = {2AD52C05-2D39-4AE5-8EE0-89DAE82AAF00}
		{745B55C3-1085-4B88-ADF1-D4E18625EF1E} = {B95035A0-4794-43B5-8253-FA9A4FD4F4F8}
		{BC024293-875D-43CF-ABA2-60FE5761AF28} = {B95035A0-4794-43B5-8253-FA9A4FD4F4F8}
		{6D82B169-D967-4308-BE20-47A6BC884B91} = {B95035A0-4794-43B5-8253-FA9A4FD4F4F8}
		{389CEE38-BF4A-4026-A30E-C4133D8EF059} = {2AD52C05-2D39-4AE5-8EE0-89DAE82AAF00}
		{7C66467A-DC7D-43B3-A151-5CC13552C04C} = {389CEE38-BF4A-4026-A30E-C4133D8EF059}
	EndGlobalSection
	GlobalSection(ExtensibilityGlobals) = postSolution
		SolutionGuid = {D3DD1692-E8B9-44A4-A3D6-B99DDCB73548}
	EndGlobalSection
EndGlobal
